// !$*UTF8*$!
{
	archiveVersion = 1;
	classes = {
	};
	objectVersion = 50;
	objects = {

/* Begin PBXBuildFile section */
		085078112449A6B100B71F35 /* TYNoInfoView.m in Sources */ = {isa = PBXBuildFile; fileRef = 085078102449A6B100B71F35 /* TYNoInfoView.m */; };
		085078162449B4A200B71F35 /* TeacherModel.mm in Sources */ = {isa = PBXBuildFile; fileRef = 085078152449B4A200B71F35 /* TeacherModel.mm */; };
		085078192449B86900B71F35 /* TYDatabaseInfoVC.mm in Sources */ = {isa = PBXBuildFile; fileRef = 085078182449B86900B71F35 /* TYDatabaseInfoVC.mm */; };
		08CC23B522EFF29000EE9969 /* AppDelegate.m in Sources */ = {isa = PBXBuildFile; fileRef = 08CC23B422EFF29000EE9969 /* AppDelegate.m */; };
		08CC23B822EFF29000EE9969 /* ViewController.mm in Sources */ = {isa = PBXBuildFile; fileRef = 08CC23B722EFF29000EE9969 /* ViewController.mm */; };
		08CC23BB22EFF29000EE9969 /* Main.storyboard in Resources */ = {isa = PBXBuildFile; fileRef = 08CC23B922EFF29000EE9969 /* Main.storyboard */; };
		08CC23BD22EFF29100EE9969 /* Assets.xcassets in Resources */ = {isa = PBXBuildFile; fileRef = 08CC23BC22EFF29100EE9969 /* Assets.xcassets */; };
		08CC23C022EFF29100EE9969 /* LaunchScreen.storyboard in Resources */ = {isa = PBXBuildFile; fileRef = 08CC23BE22EFF29100EE9969 /* LaunchScreen.storyboard */; };
		08CC23C322EFF29100EE9969 /* main.m in Sources */ = {isa = PBXBuildFile; fileRef = 08CC23C222EFF29100EE9969 /* main.m */; };
		6CDF1C613459C4B690973BF4 /* libPods-TYWCDBDemo.a in Frameworks */ = {isa = PBXBuildFile; fileRef = BF17A906DBAAA42B557A03EC /* libPods-TYWCDBDemo.a */; };
/* End PBXBuildFile section */

/* Begin PBXFileReference section */
		0850780F2449A6B100B71F35 /* TYNoInfoView.h */ = {isa = PBXFileReference; lastKnownFileType = sourcecode.c.h; path = TYNoInfoView.h; sourceTree = "<group>"; };
		085078102449A6B100B71F35 /* TYNoInfoView.m */ = {isa = PBXFileReference; lastKnownFileType = sourcecode.c.objc; path = TYNoInfoView.m; sourceTree = "<group>"; };
		085078132449B4A200B71F35 /* TeacherModel+WCTTableCoding.h */ = {isa = PBXFileReference; fileEncoding = 4; lastKnownFileType = sourcecode.c.h; path = "TeacherModel+WCTTableCoding.h"; sourceTree = "<group>"; };
		085078142449B4A200B71F35 /* TeacherModel.h */ = {isa = PBXFileReference; fileEncoding = 4; lastKnownFileType = sourcecode.c.h; path = TeacherModel.h; sourceTree = "<group>"; };
		085078152449B4A200B71F35 /* TeacherModel.mm */ = {isa = PBXFileReference; fileEncoding = 4; lastKnownFileType = sourcecode.cpp.objcpp; path = TeacherModel.mm; sourceTree = "<group>"; };
		085078172449B86900B71F35 /* TYDatabaseInfoVC.h */ = {isa = PBXFileReference; lastKnownFileType = sourcecode.c.h; path = TYDatabaseInfoVC.h; sourceTree = "<group>"; };
		085078182449B86900B71F35 /* TYDatabaseInfoVC.mm */ = {isa = PBXFileReference; lastKnownFileType = sourcecode.cpp.objcpp; path = TYDatabaseInfoVC.mm; sourceTree = "<group>"; };
		08CC23B022EFF29000EE9969 /* WCDB测试.app */ = {isa = PBXFileReference; explicitFileType = wrapper.application; includeInIndex = 0; path = "WCDB测试.app"; sourceTree = BUILT_PRODUCTS_DIR; };
		08CC23B322EFF29000EE9969 /* AppDelegate.h */ = {isa = PBXFileReference; lastKnownFileType = sourcecode.c.h; path = AppDelegate.h; sourceTree = "<group>"; };
		08CC23B422EFF29000EE9969 /* AppDelegate.m */ = {isa = PBXFileReference; lastKnownFileType = sourcecode.c.objc; path = AppDelegate.m; sourceTree = "<group>"; };
		08CC23B622EFF29000EE9969 /* ViewController.h */ = {isa = PBXFileReference; lastKnownFileType = sourcecode.c.h; path = ViewController.h; sourceTree = "<group>"; };
		08CC23B722EFF29000EE9969 /* ViewController.mm */ = {isa = PBXFileReference; lastKnownFileType = sourcecode.cpp.objcpp; path = ViewController.mm; sourceTree = "<group>"; };
		08CC23BA22EFF29000EE9969 /* Base */ = {isa = PBXFileReference; lastKnownFileType = file.storyboard; name = Base; path = Base.lproj/Main.storyboard; sourceTree = "<group>"; };
		08CC23BC22EFF29100EE9969 /* Assets.xcassets */ = {isa = PBXFileReference; lastKnownFileType = folder.assetcatalog; path = Assets.xcassets; sourceTree = "<group>"; };
		08CC23BF22EFF29100EE9969 /* Base */ = {isa = PBXFileReference; lastKnownFileType = file.storyboard; name = Base; path = Base.lproj/LaunchScreen.storyboard; sourceTree = "<group>"; };
		08CC23C122EFF29100EE9969 /* Info.plist */ = {isa = PBXFileReference; lastKnownFileType = text.plist.xml; path = Info.plist; sourceTree = "<group>"; };
		08CC23C222EFF29100EE9969 /* main.m */ = {isa = PBXFileReference; lastKnownFileType = sourcecode.c.objc; path = main.m; sourceTree = "<group>"; };
		33A52783B3C831D08F744F32 /* Pods-TYWCDBDemo.release.xcconfig */ = {isa = PBXFileReference; includeInIndex = 1; lastKnownFileType = text.xcconfig; name = "Pods-TYWCDBDemo.release.xcconfig"; path = "Target Support Files/Pods-TYWCDBDemo/Pods-TYWCDBDemo.release.xcconfig"; sourceTree = "<group>"; };
		BF17A906DBAAA42B557A03EC /* libPods-TYWCDBDemo.a */ = {isa = PBXFileReference; explicitFileType = archive.ar; includeInIndex = 0; path = "libPods-TYWCDBDemo.a"; sourceTree = BUILT_PRODUCTS_DIR; };
		EB7A55ECD46385CBDCA53AEA /* Pods-TYWCDBDemo.debug.xcconfig */ = {isa = PBXFileReference; includeInIndex = 1; lastKnownFileType = text.xcconfig; name = "Pods-TYWCDBDemo.debug.xcconfig"; path = "Target Support Files/Pods-TYWCDBDemo/Pods-TYWCDBDemo.debug.xcconfig"; sourceTree = "<group>"; };
/* End PBXFileReference section */

/* Begin PBXFrameworksBuildPhase section */
		08CC23AD22EFF29000EE9969 /* Frameworks */ = {
			isa = PBXFrameworksBuildPhase;
			buildActionMask = 2147483647;
			files = (
				6CDF1C613459C4B690973BF4 /* libPods-TYWCDBDemo.a in Frameworks */,
			);
			runOnlyForDeploymentPostprocessing = 0;
		};
/* End PBXFrameworksBuildPhase section */

/* Begin PBXGroup section */
		0850780E2449A68900B71F35 /* Views */ = {
			isa = PBXGroup;
			children = (
				0850780F2449A6B100B71F35 /* TYNoInfoView.h */,
				085078102449A6B100B71F35 /* TYNoInfoView.m */,
			);
			path = Views;
			sourceTree = "<group>";
		};
		085078122449B49900B71F35 /* Models */ = {
			isa = PBXGroup;
			children = (
				085078142449B4A200B71F35 /* TeacherModel.h */,
				085078152449B4A200B71F35 /* TeacherModel.mm */,
				085078132449B4A200B71F35 /* TeacherModel+WCTTableCoding.h */,
			);
			path = Models;
			sourceTree = "<group>";
		};
		08CC23A722EFF29000EE9969 = {
			isa = PBXGroup;
			children = (
				08CC23B222EFF29000EE9969 /* TYWCDBDemo */,
				08CC23B122EFF29000EE9969 /* Products */,
				702CDD0824CA3A4FB66630BD /* Pods */,
				AFD58D868FAF95036725BA7F /* Frameworks */,
			);
			sourceTree = "<group>";
		};
		08CC23B122EFF29000EE9969 /* Products */ = {
			isa = PBXGroup;
			children = (
				08CC23B022EFF29000EE9969 /* WCDB测试.app */,
			);
			name = Products;
			sourceTree = "<group>";
		};
		08CC23B222EFF29000EE9969 /* TYWCDBDemo */ = {
			isa = PBXGroup;
			children = (
				085078122449B49900B71F35 /* Models */,
				0850780E2449A68900B71F35 /* Views */,
				08CC23B322EFF29000EE9969 /* AppDelegate.h */,
				08CC23B422EFF29000EE9969 /* AppDelegate.m */,
				08CC23B622EFF29000EE9969 /* ViewController.h */,
				08CC23B722EFF29000EE9969 /* ViewController.mm */,
				085078172449B86900B71F35 /* TYDatabaseInfoVC.h */,
				085078182449B86900B71F35 /* TYDatabaseInfoVC.mm */,
				08CC23B922EFF29000EE9969 /* Main.storyboard */,
				08CC23BC22EFF29100EE9969 /* Assets.xcassets */,
				08CC23BE22EFF29100EE9969 /* LaunchScreen.storyboard */,
				08CC23C122EFF29100EE9969 /* Info.plist */,
				08CC23C222EFF29100EE9969 /* main.m */,
			);
			path = TYWCDBDemo;
			sourceTree = "<group>";
		};
		702CDD0824CA3A4FB66630BD /* Pods */ = {
			isa = PBXGroup;
			children = (
				EB7A55ECD46385CBDCA53AEA /* Pods-TYWCDBDemo.debug.xcconfig */,
				33A52783B3C831D08F744F32 /* Pods-TYWCDBDemo.release.xcconfig */,
			);
			name = Pods;
			path = ../../Pods;
			sourceTree = "<group>";
		};
		AFD58D868FAF95036725BA7F /* Frameworks */ = {
			isa = PBXGroup;
			children = (
				BF17A906DBAAA42B557A03EC /* libPods-TYWCDBDemo.a */,
			);
			name = Frameworks;
			sourceTree = "<group>";
		};
/* End PBXGroup section */

/* Begin PBXNativeTarget section */
		08CC23AF22EFF29000EE9969 /* TYWCDBDemo */ = {
			isa = PBXNativeTarget;
			buildConfigurationList = 08CC23C622EFF29100EE9969 /* Build configuration list for PBXNativeTarget "TYWCDBDemo" */;
			buildPhases = (
				A6442147A94232F677B588F2 /* [CP] Check Pods Manifest.lock */,
				08CC23AC22EFF29000EE9969 /* Sources */,
				08CC23AD22EFF29000EE9969 /* Frameworks */,
				08CC23AE22EFF29000EE9969 /* Resources */,
			);
			buildRules = (
			);
			dependencies = (
			);
			name = TYWCDBDemo;
			productName = TYWCDBDemo;
			productReference = 08CC23B022EFF29000EE9969 /* WCDB测试.app */;
			productType = "com.apple.product-type.application";
		};
/* End PBXNativeTarget section */

/* Begin PBXProject section */
		08CC23A822EFF29000EE9969 /* Project object */ = {
			isa = PBXProject;
			attributes = {
				LastUpgradeCheck = 1020;
				ORGANIZATIONNAME = Sheldon;
				TargetAttributes = {
					08CC23AF22EFF29000EE9969 = {
						CreatedOnToolsVersion = 10.2.1;
					};
				};
			};
			buildConfigurationList = 08CC23AB22EFF29000EE9969 /* Build configuration list for PBXProject "TYWCDBDemo" */;
			compatibilityVersion = "Xcode 9.3";
			developmentRegion = en;
			hasScannedForEncodings = 0;
			knownRegions = (
				en,
				Base,
			);
			mainGroup = 08CC23A722EFF29000EE9969;
			productRefGroup = 08CC23B122EFF29000EE9969 /* Products */;
			projectDirPath = "";
			projectRoot = "";
			targets = (
				08CC23AF22EFF29000EE9969 /* TYWCDBDemo */,
			);
		};
/* End PBXProject section */

/* Begin PBXResourcesBuildPhase section */
		08CC23AE22EFF29000EE9969 /* Resources */ = {
			isa = PBXResourcesBuildPhase;
			buildActionMask = 2147483647;
			files = (
				08CC23C022EFF29100EE9969 /* LaunchScreen.storyboard in Resources */,
				08CC23BD22EFF29100EE9969 /* Assets.xcassets in Resources */,
				08CC23BB22EFF29000EE9969 /* Main.storyboard in Resources */,
			);
			runOnlyForDeploymentPostprocessing = 0;
		};
/* End PBXResourcesBuildPhase section */

/* Begin PBXShellScriptBuildPhase section */
		A6442147A94232F677B588F2 /* [CP] Check Pods Manifest.lock */ = {
			isa = PBXShellScriptBuildPhase;
			buildActionMask = 2147483647;
			files = (
			);
			inputFileListPaths = (
			);
			inputPaths = (
				"${PODS_PODFILE_DIR_PATH}/Podfile.lock",
				"${PODS_ROOT}/Manifest.lock",
			);
			name = "[CP] Check Pods Manifest.lock";
			outputFileListPaths = (
			);
			outputPaths = (
				"$(DERIVED_FILE_DIR)/Pods-TYWCDBDemo-checkManifestLockResult.txt",
			);
			runOnlyForDeploymentPostprocessing = 0;
			shellPath = /bin/sh;
			shellScript = "diff \"${PODS_PODFILE_DIR_PATH}/Podfile.lock\" \"${PODS_ROOT}/Manifest.lock\" > /dev/null\nif [ $? != 0 ] ; then\n    # print error to STDERR\n    echo \"error: The sandbox is not in sync with the Podfile.lock. Run 'pod install' or update your CocoaPods installation.\" >&2\n    exit 1\nfi\n# This output is used by Xcode 'outputs' to avoid re-running this script phase.\necho \"SUCCESS\" > \"${SCRIPT_OUTPUT_FILE_0}\"\n";
			showEnvVarsInLog = 0;
		};
/* End PBXShellScriptBuildPhase section */

/* Begin PBXSourcesBuildPhase section */
		08CC23AC22EFF29000EE9969 /* Sources */ = {
			isa = PBXSourcesBuildPhase;
			buildActionMask = 2147483647;
			files = (
				085078192449B86900B71F35 /* TYDatabaseInfoVC.mm in Sources */,
				085078162449B4A200B71F35 /* TeacherModel.mm in Sources */,
				08CC23B822EFF29000EE9969 /* ViewController.mm in Sources */,
				08CC23C322EFF29100EE9969 /* main.m in Sources */,
				085078112449A6B100B71F35 /* TYNoInfoView.m in Sources */,
				08CC23B522EFF29000EE9969 /* AppDelegate.m in Sources */,
			);
			runOnlyForDeploymentPostprocessing = 0;
		};
/* End PBXSourcesBuildPhase section */

/* Begin PBXVariantGroup section */
		08CC23B922EFF29000EE9969 /* Main.storyboard */ = {
			isa = PBXVariantGroup;
			children = (
				08CC23BA22EFF29000EE9969 /* Base */,
			);
			name = Main.storyboard;
			sourceTree = "<group>";
		};
		08CC23BE22EFF29100EE9969 /* LaunchScreen.storyboard */ = {
			isa = PBXVariantGroup;
			children = (
				08CC23BF22EFF29100EE9969 /* Base */,
			);
			name = LaunchScreen.storyboard;
			sourceTree = "<group>";
		};
/* End PBXVariantGroup section */

/* Begin XCBuildConfiguration section */
		08CC23C422EFF29100EE9969 /* Debug */ = {
			isa = XCBuildConfiguration;
			buildSettings = {
				ALWAYS_SEARCH_USER_PATHS = NO;
				CLANG_ANALYZER_NONNULL = YES;
				CLANG_ANALYZER_NUMBER_OBJECT_CONVERSION = YES_AGGRESSIVE;
				CLANG_CXX_LANGUAGE_STANDARD = "gnu++14";
				CLANG_CXX_LIBRARY = "libc++";
				CLANG_ENABLE_MODULES = YES;
				CLANG_ENABLE_OBJC_ARC = YES;
				CLANG_ENABLE_OBJC_WEAK = YES;
				CLANG_WARN_BLOCK_CAPTURE_AUTORELEASING = YES;
				CLANG_WARN_BOOL_CONVERSION = YES;
				CLANG_WARN_COMMA = YES;
				CLANG_WARN_CONSTANT_CONVERSION = YES;
				CLANG_WARN_DEPRECATED_OBJC_IMPLEMENTATIONS = YES;
				CLANG_WARN_DIRECT_OBJC_ISA_USAGE = YES_ERROR;
				CLANG_WARN_DOCUMENTATION_COMMENTS = YES;
				CLANG_WARN_EMPTY_BODY = YES;
				CLANG_WARN_ENUM_CONVERSION = YES;
				CLANG_WARN_INFINITE_RECURSION = YES;
				CLANG_WARN_INT_CONVERSION = YES;
				CLANG_WARN_NON_LITERAL_NULL_CONVERSION = YES;
				CLANG_WARN_OBJC_IMPLICIT_RETAIN_SELF = YES;
				CLANG_WARN_OBJC_LITERAL_CONVERSION = YES;
				CLANG_WARN_OBJC_ROOT_CLASS = YES_ERROR;
				CLANG_WARN_RANGE_LOOP_ANALYSIS = YES;
				CLANG_WARN_STRICT_PROTOTYPES = YES;
				CLANG_WARN_SUSPICIOUS_MOVE = YES;
				CLANG_WARN_UNGUARDED_AVAILABILITY = YES_AGGRESSIVE;
				CLANG_WARN_UNREACHABLE_CODE = YES;
				CLANG_WARN__DUPLICATE_METHOD_MATCH = YES;
				CODE_SIGN_IDENTITY = "iPhone Developer";
				COPY_PHASE_STRIP = NO;
				DEBUG_INFORMATION_FORMAT = dwarf;
				ENABLE_STRICT_OBJC_MSGSEND = YES;
				ENABLE_TESTABILITY = YES;
				GCC_C_LANGUAGE_STANDARD = gnu11;
				GCC_DYNAMIC_NO_PIC = NO;
				GCC_NO_COMMON_BLOCKS = YES;
				GCC_OPTIMIZATION_LEVEL = 0;
				GCC_PREPROCESSOR_DEFINITIONS = (
					"DEBUG=1",
					"$(inherited)",
				);
				GCC_WARN_64_TO_32_BIT_CONVERSION = YES;
				GCC_WARN_ABOUT_RETURN_TYPE = YES_ERROR;
				GCC_WARN_UNDECLARED_SELECTOR = YES;
				GCC_WARN_UNINITIALIZED_AUTOS = YES_AGGRESSIVE;
				GCC_WARN_UNUSED_FUNCTION = YES;
				GCC_WARN_UNUSED_VARIABLE = YES;
				IPHONEOS_DEPLOYMENT_TARGET = 12.2;
				MTL_ENABLE_DEBUG_INFO = INCLUDE_SOURCE;
				MTL_FAST_MATH = YES;
				ONLY_ACTIVE_ARCH = YES;
				SDKROOT = iphoneos;
			};
			name = Debug;
		};
		08CC23C522EFF29100EE9969 /* Release */ = {
			isa = XCBuildConfiguration;
			buildSettings = {
				ALWAYS_SEARCH_USER_PATHS = NO;
				CLANG_ANALYZER_NONNULL = YES;
				CLANG_ANALYZER_NUMBER_OBJECT_CONVERSION = YES_AGGRESSIVE;
				CLANG_CXX_LANGUAGE_STANDARD = "gnu++14";
				CLANG_CXX_LIBRARY = "libc++";
				CLANG_ENABLE_MODULES = YES;
				CLANG_ENABLE_OBJC_ARC = YES;
				CLANG_ENABLE_OBJC_WEAK = YES;
				CLANG_WARN_BLOCK_CAPTURE_AUTORELEASING = YES;
				CLANG_WARN_BOOL_CONVERSION = YES;
				CLANG_WARN_COMMA = YES;
				CLANG_WARN_CONSTANT_CONVERSION = YES;
				CLANG_WARN_DEPRECATED_OBJC_IMPLEMENTATIONS = YES;
				CLANG_WARN_DIRECT_OBJC_ISA_USAGE = YES_ERROR;
				CLANG_WARN_DOCUMENTATION_COMMENTS = YES;
				CLANG_WARN_EMPTY_BODY = YES;
				CLANG_WARN_ENUM_CONVERSION = YES;
				CLANG_WARN_INFINITE_RECURSION = YES;
				CLANG_WARN_INT_CONVERSION = YES;
				CLANG_WARN_NON_LITERAL_NULL_CONVERSION = YES;
				CLANG_WARN_OBJC_IMPLICIT_RETAIN_SELF = YES;
				CLANG_WARN_OBJC_LITERAL_CONVERSION = YES;
				CLANG_WARN_OBJC_ROOT_CLASS = YES_ERROR;
				CLANG_WARN_RANGE_LOOP_ANALYSIS = YES;
				CLANG_WARN_STRICT_PROTOTYPES = YES;
				CLANG_WARN_SUSPICIOUS_MOVE = YES;
				CLANG_WARN_UNGUARDED_AVAILABILITY = YES_AGGRESSIVE;
				CLANG_WARN_UNREACHABLE_CODE = YES;
				CLANG_WARN__DUPLICATE_METHOD_MATCH = YES;
				CODE_SIGN_IDENTITY = "iPhone Developer";
				COPY_PHASE_STRIP = NO;
				DEBUG_INFORMATION_FORMAT = "dwarf-with-dsym";
				ENABLE_NS_ASSERTIONS = NO;
				ENABLE_STRICT_OBJC_MSGSEND = YES;
				GCC_C_LANGUAGE_STANDARD = gnu11;
				GCC_NO_COMMON_BLOCKS = YES;
				GCC_WARN_64_TO_32_BIT_CONVERSION = YES;
				GCC_WARN_ABOUT_RETURN_TYPE = YES_ERROR;
				GCC_WARN_UNDECLARED_SELECTOR = YES;
				GCC_WARN_UNINITIALIZED_AUTOS = YES_AGGRESSIVE;
				GCC_WARN_UNUSED_FUNCTION = YES;
				GCC_WARN_UNUSED_VARIABLE = YES;
				IPHONEOS_DEPLOYMENT_TARGET = 12.2;
				MTL_ENABLE_DEBUG_INFO = NO;
				MTL_FAST_MATH = YES;
				SDKROOT = iphoneos;
				VALIDATE_PRODUCT = YES;
			};
			name = Release;
		};
		08CC23C722EFF29100EE9969 /* Debug */ = {
			isa = XCBuildConfiguration;
			baseConfigurationReference = EB7A55ECD46385CBDCA53AEA /* Pods-TYWCDBDemo.debug.xcconfig */;
			buildSettings = {
				ASSETCATALOG_COMPILER_APPICON_NAME = AppIcon;
				CODE_SIGN_STYLE = Automatic;
				DEVELOPMENT_TEAM = CC9XV3GRSV;
				INFOPLIST_FILE = TYWCDBDemo/Info.plist;
				LD_RUNPATH_SEARCH_PATHS = (
					"$(inherited)",
					"@executable_path/Frameworks",
				);
				PRODUCT_BUNDLE_IDENTIFIER = top.sheldon.TYWCDBDemo;
				PRODUCT_NAME = "WCDB测试";
				TARGETED_DEVICE_FAMILY = "1,2";
			};
			name = Debug;
		};
		08CC23C822EFF29100EE9969 /* Release */ = {
			isa = XCBuildConfiguration;
			baseConfigurationReference = 33A52783B3C831D08F744F32 /* Pods-TYWCDBDemo.release.xcconfig */;
			buildSettings = {
				ASSETCATALOG_COMPILER_APPICON_NAME = AppIcon;
				CODE_SIGN_STYLE = Automatic;
				DEVELOPMENT_TEAM = CC9XV3GRSV;
				INFOPLIST_FILE = TYWCDBDemo/Info.plist;
				LD_RUNPATH_SEARCH_PATHS = (
					"$(inherited)",
					"@executable_path/Frameworks",
				);
				PRODUCT_BUNDLE_IDENTIFIER = top.sheldon.TYWCDBDemo;
				PRODUCT_NAME = "WCDB测试";
				TARGETED_DEVICE_FAMILY = "1,2";
			};
			name = Release;
		};
/* End XCBuildConfiguration section */

/* Begin XCConfigurationList section */
		08CC23AB22EFF29000EE9969 /* Build configuration list for PBXProject "TYWCDBDemo" */ = {
			isa = XCConfigurationList;
			buildConfigurations = (
				08CC23C422EFF29100EE9969 /* Debug */,
				08CC23C522EFF29100EE9969 /* Release */,
			);
			defaultConfigurationIsVisible = 0;
			defaultConfigurationName = Release;
		};
		08CC23C622EFF29100EE9969 /* Build configuration list for PBXNativeTarget "TYWCDBDemo" */ = {
			isa = XCConfigurationList;
			buildConfigurations = (
				08CC23C722EFF29100EE9969 /* Debug */,
				08CC23C822EFF29100EE9969 /* Release */,
			);
			defaultConfigurationIsVisible = 0;
			defaultConfigurationName = Release;
		};
/* End XCConfigurationList section */
	};
	rootObject = 08CC23A822EFF29000EE9969 /* Project object */;
}
