// !$*UTF8*$!
{
	archiveVersion = 1;
	classes = {
	};
	objectVersion = 50;
	objects = {

/* Begin PBXBuildFile section */
		082015D122A22B6100F58A12 /* AppDelegate.m in Sources */ = {isa = PBXBuildFile; fileRef = 082015D022A22B6100F58A12 /* AppDelegate.m */; };
		082015D322A22B6100F58A12 /* art.scnassets in Resources */ = {isa = PBXBuildFile; fileRef = 082015D222A22B6100F58A12 /* art.scnassets */; };
		082015D622A22B6100F58A12 /* GameViewController.m in Sources */ = {isa = PBXBuildFile; fileRef = 082015D522A22B6100F58A12 /* GameViewController.m */; };
		082015D922A22B6100F58A12 /* Main.storyboard in Resources */ = {isa = PBXBuildFile; fileRef = 082015D722A22B6100F58A12 /* Main.storyboard */; };
		082015DB22A22B6100F58A12 /* Assets.xcassets in Resources */ = {isa = PBXBuildFile; fileRef = 082015DA22A22B6100F58A12 /* Assets.xcassets */; };
		082015DE22A22B6100F58A12 /* LaunchScreen.storyboard in Resources */ = {isa = PBXBuildFile; fileRef = 082015DC22A22B6100F58A12 /* LaunchScreen.storyboard */; };
		082015E122A22B6100F58A12 /* main.m in Sources */ = {isa = PBXBuildFile; fileRef = 082015E022A22B6100F58A12 /* main.m */; };
/* End PBXBuildFile section */

/* Begin PBXFileReference section */
		082015CC22A22B6100F58A12 /* TYGameSceneDemo.app */ = {isa = PBXFileReference; explicitFileType = wrapper.application; includeInIndex = 0; path = TYGameSceneDemo.app; sourceTree = BUILT_PRODUCTS_DIR; };
		082015CF22A22B6100F58A12 /* AppDelegate.h */ = {isa = PBXFileReference; lastKnownFileType = sourcecode.c.h; path = AppDelegate.h; sourceTree = "<group>"; };
		082015D022A22B6100F58A12 /* AppDelegate.m */ = {isa = PBXFileReference; lastKnownFileType = sourcecode.c.objc; path = AppDelegate.m; sourceTree = "<group>"; };
		082015D222A22B6100F58A12 /* art.scnassets */ = {isa = PBXFileReference; lastKnownFileType = wrapper.scnassets; path = art.scnassets; sourceTree = "<group>"; };
		082015D422A22B6100F58A12 /* GameViewController.h */ = {isa = PBXFileReference; lastKnownFileType = sourcecode.c.h; path = GameViewController.h; sourceTree = "<group>"; };
		082015D522A22B6100F58A12 /* GameViewController.m */ = {isa = PBXFileReference; lastKnownFileType = sourcecode.c.objc; path = GameViewController.m; sourceTree = "<group>"; };
		082015D822A22B6100F58A12 /* Base */ = {isa = PBXFileReference; lastKnownFileType = file.storyboard; name = Base; path = Base.lproj/Main.storyboard; sourceTree = "<group>"; };
		082015DA22A22B6100F58A12 /* Assets.xcassets */ = {isa = PBXFileReference; lastKnownFileType = folder.assetcatalog; path = Assets.xcassets; sourceTree = "<group>"; };
		082015DD22A22B6100F58A12 /* Base */ = {isa = PBXFileReference; lastKnownFileType = file.storyboard; name = Base; path = Base.lproj/LaunchScreen.storyboard; sourceTree = "<group>"; };
		082015DF22A22B6100F58A12 /* Info.plist */ = {isa = PBXFileReference; lastKnownFileType = text.plist.xml; path = Info.plist; sourceTree = "<group>"; };
		082015E022A22B6100F58A12 /* main.m */ = {isa = PBXFileReference; lastKnownFileType = sourcecode.c.objc; path = main.m; sourceTree = "<group>"; };
/* End PBXFileReference section */

/* Begin PBXFrameworksBuildPhase section */
		082015C922A22B6100F58A12 /* Frameworks */ = {
			isa = PBXFrameworksBuildPhase;
			buildActionMask = 2147483647;
			files = (
			);
			runOnlyForDeploymentPostprocessing = 0;
		};
/* End PBXFrameworksBuildPhase section */

/* Begin PBXGroup section */
		082015C322A22B6100F58A12 = {
			isa = PBXGroup;
			children = (
				082015CE22A22B6100F58A12 /* TYGameSceneDemo */,
				082015CD22A22B6100F58A12 /* Products */,
			);
			sourceTree = "<group>";
		};
		082015CD22A22B6100F58A12 /* Products */ = {
			isa = PBXGroup;
			children = (
				082015CC22A22B6100F58A12 /* TYGameSceneDemo.app */,
			);
			name = Products;
			sourceTree = "<group>";
		};
		082015CE22A22B6100F58A12 /* TYGameSceneDemo */ = {
			isa = PBXGroup;
			children = (
				082015CF22A22B6100F58A12 /* AppDelegate.h */,
				082015D022A22B6100F58A12 /* AppDelegate.m */,
				082015D222A22B6100F58A12 /* art.scnassets */,
				082015D422A22B6100F58A12 /* GameViewController.h */,
				082015D522A22B6100F58A12 /* GameViewController.m */,
				082015D722A22B6100F58A12 /* Main.storyboard */,
				082015DA22A22B6100F58A12 /* Assets.xcassets */,
				082015DC22A22B6100F58A12 /* LaunchScreen.storyboard */,
				082015DF22A22B6100F58A12 /* Info.plist */,
				082015E022A22B6100F58A12 /* main.m */,
			);
			path = TYGameSceneDemo;
			sourceTree = "<group>";
		};
/* End PBXGroup section */

/* Begin PBXNativeTarget section */
		082015CB22A22B6100F58A12 /* TYGameSceneDemo */ = {
			isa = PBXNativeTarget;
			buildConfigurationList = 082015E422A22B6100F58A12 /* Build configuration list for PBXNativeTarget "TYGameSceneDemo" */;
			buildPhases = (
				082015C822A22B6100F58A12 /* Sources */,
				082015C922A22B6100F58A12 /* Frameworks */,
				082015CA22A22B6100F58A12 /* Resources */,
			);
			buildRules = (
			);
			dependencies = (
			);
			name = TYGameSceneDemo;
			productName = TYGameSceneDemo;
			productReference = 082015CC22A22B6100F58A12 /* TYGameSceneDemo.app */;
			productType = "com.apple.product-type.application";
		};
/* End PBXNativeTarget section */

/* Begin PBXProject section */
		082015C422A22B6100F58A12 /* Project object */ = {
			isa = PBXProject;
			attributes = {
				LastUpgradeCheck = 1020;
				ORGANIZATIONNAME = "田宇";
				TargetAttributes = {
					082015CB22A22B6100F58A12 = {
						CreatedOnToolsVersion = 10.2.1;
					};
				};
			};
			buildConfigurationList = 082015C722A22B6100F58A12 /* Build configuration list for PBXProject "TYGameSceneDemo" */;
			compatibilityVersion = "Xcode 9.3";
			developmentRegion = en;
			hasScannedForEncodings = 0;
			knownRegions = (
				en,
				Base,
			);
			mainGroup = 082015C322A22B6100F58A12;
			productRefGroup = 082015CD22A22B6100F58A12 /* Products */;
			projectDirPath = "";
			projectRoot = "";
			targets = (
				082015CB22A22B6100F58A12 /* TYGameSceneDemo */,
			);
		};
/* End PBXProject section */

/* Begin PBXResourcesBuildPhase section */
		082015CA22A22B6100F58A12 /* Resources */ = {
			isa = PBXResourcesBuildPhase;
			buildActionMask = 2147483647;
			files = (
				082015D322A22B6100F58A12 /* art.scnassets in Resources */,
				082015DE22A22B6100F58A12 /* LaunchScreen.storyboard in Resources */,
				082015DB22A22B6100F58A12 /* Assets.xcassets in Resources */,
				082015D922A22B6100F58A12 /* Main.storyboard in Resources */,
			);
			runOnlyForDeploymentPostprocessing = 0;
		};
/* End PBXResourcesBuildPhase section */

/* Begin PBXSourcesBuildPhase section */
		082015C822A22B6100F58A12 /* Sources */ = {
			isa = PBXSourcesBuildPhase;
			buildActionMask = 2147483647;
			files = (
				082015D622A22B6100F58A12 /* GameViewController.m in Sources */,
				082015E122A22B6100F58A12 /* main.m in Sources */,
				082015D122A22B6100F58A12 /* AppDelegate.m in Sources */,
			);
			runOnlyForDeploymentPostprocessing = 0;
		};
/* End PBXSourcesBuildPhase section */

/* Begin PBXVariantGroup section */
		082015D722A22B6100F58A12 /* Main.storyboard */ = {
			isa = PBXVariantGroup;
			children = (
				082015D822A22B6100F58A12 /* Base */,
			);
			name = Main.storyboard;
			sourceTree = "<group>";
		};
		082015DC22A22B6100F58A12 /* LaunchScreen.storyboard */ = {
			isa = PBXVariantGroup;
			children = (
				082015DD22A22B6100F58A12 /* Base */,
			);
			name = LaunchScreen.storyboard;
			sourceTree = "<group>";
		};
/* End PBXVariantGroup section */

/* Begin XCBuildConfiguration section */
		082015E222A22B6100F58A12 /* Debug */ = {
			isa = XCBuildConfiguration;
			buildSettings = {
				ALWAYS_SEARCH_USER_PATHS = NO;
				CLANG_ANALYZER_NONNULL = YES;
				CLANG_ANALYZER_NUMBER_OBJECT_CONVERSION = YES_AGGRESSIVE;
				CLANG_CXX_LANGUAGE_STANDARD = "gnu++14";
				CLANG_CXX_LIBRARY = "libc++";
				CLANG_ENABLE_MODULES = YES;
				CLANG_ENABLE_OBJC_ARC = YES;
				CLANG_ENABLE_OBJC_WEAK = YES;
				CLANG_WARN_BLOCK_CAPTURE_AUTORELEASING = YES;
				CLANG_WARN_BOOL_CONVERSION = YES;
				CLANG_WARN_COMMA = YES;
				CLANG_WARN_CONSTANT_CONVERSION = YES;
				CLANG_WARN_DEPRECATED_OBJC_IMPLEMENTATIONS = YES;
				CLANG_WARN_DIRECT_OBJC_ISA_USAGE = YES_ERROR;
				CLANG_WARN_DOCUMENTATION_COMMENTS = YES;
				CLANG_WARN_EMPTY_BODY = YES;
				CLANG_WARN_ENUM_CONVERSION = YES;
				CLANG_WARN_INFINITE_RECURSION = YES;
				CLANG_WARN_INT_CONVERSION = YES;
				CLANG_WARN_NON_LITERAL_NULL_CONVERSION = YES;
				CLANG_WARN_OBJC_IMPLICIT_RETAIN_SELF = YES;
				CLANG_WARN_OBJC_LITERAL_CONVERSION = YES;
				CLANG_WARN_OBJC_ROOT_CLASS = YES_ERROR;
				CLANG_WARN_RANGE_LOOP_ANALYSIS = YES;
				CLANG_WARN_STRICT_PROTOTYPES = YES;
				CLANG_WARN_SUSPICIOUS_MOVE = YES;
				CLANG_WARN_UNGUARDED_AVAILABILITY = YES_AGGRESSIVE;
				CLANG_WARN_UNREACHABLE_CODE = YES;
				CLANG_WARN__DUPLICATE_METHOD_MATCH = YES;
				CODE_SIGN_IDENTITY = "iPhone Developer";
				COPY_PHASE_STRIP = NO;
				DEBUG_INFORMATION_FORMAT = dwarf;
				ENABLE_STRICT_OBJC_MSGSEND = YES;
				ENABLE_TESTABILITY = YES;
				GCC_C_LANGUAGE_STANDARD = gnu11;
				GCC_DYNAMIC_NO_PIC = NO;
				GCC_NO_COMMON_BLOCKS = YES;
				GCC_OPTIMIZATION_LEVEL = 0;
				GCC_PREPROCESSOR_DEFINITIONS = (
					"DEBUG=1",
					"$(inherited)",
				);
				GCC_WARN_64_TO_32_BIT_CONVERSION = YES;
				GCC_WARN_ABOUT_RETURN_TYPE = YES_ERROR;
				GCC_WARN_UNDECLARED_SELECTOR = YES;
				GCC_WARN_UNINITIALIZED_AUTOS = YES_AGGRESSIVE;
				GCC_WARN_UNUSED_FUNCTION = YES;
				GCC_WARN_UNUSED_VARIABLE = YES;
				IPHONEOS_DEPLOYMENT_TARGET = 12.2;
				MTL_ENABLE_DEBUG_INFO = INCLUDE_SOURCE;
				MTL_FAST_MATH = YES;
				ONLY_ACTIVE_ARCH = YES;
				SDKROOT = iphoneos;
			};
			name = Debug;
		};
		082015E322A22B6100F58A12 /* Release */ = {
			isa = XCBuildConfiguration;
			buildSettings = {
				ALWAYS_SEARCH_USER_PATHS = NO;
				CLANG_ANALYZER_NONNULL = YES;
				CLANG_ANALYZER_NUMBER_OBJECT_CONVERSION = YES_AGGRESSIVE;
				CLANG_CXX_LANGUAGE_STANDARD = "gnu++14";
				CLANG_CXX_LIBRARY = "libc++";
				CLANG_ENABLE_MODULES = YES;
				CLANG_ENABLE_OBJC_ARC = YES;
				CLANG_ENABLE_OBJC_WEAK = YES;
				CLANG_WARN_BLOCK_CAPTURE_AUTORELEASING = YES;
				CLANG_WARN_BOOL_CONVERSION = YES;
				CLANG_WARN_COMMA = YES;
				CLANG_WARN_CONSTANT_CONVERSION = YES;
				CLANG_WARN_DEPRECATED_OBJC_IMPLEMENTATIONS = YES;
				CLANG_WARN_DIRECT_OBJC_ISA_USAGE = YES_ERROR;
				CLANG_WARN_DOCUMENTATION_COMMENTS = YES;
				CLANG_WARN_EMPTY_BODY = YES;
				CLANG_WARN_ENUM_CONVERSION = YES;
				CLANG_WARN_INFINITE_RECURSION = YES;
				CLANG_WARN_INT_CONVERSION = YES;
				CLANG_WARN_NON_LITERAL_NULL_CONVERSION = YES;
				CLANG_WARN_OBJC_IMPLICIT_RETAIN_SELF = YES;
				CLANG_WARN_OBJC_LITERAL_CONVERSION = YES;
				CLANG_WARN_OBJC_ROOT_CLASS = YES_ERROR;
				CLANG_WARN_RANGE_LOOP_ANALYSIS = YES;
				CLANG_WARN_STRICT_PROTOTYPES = YES;
				CLANG_WARN_SUSPICIOUS_MOVE = YES;
				CLANG_WARN_UNGUARDED_AVAILABILITY = YES_AGGRESSIVE;
				CLANG_WARN_UNREACHABLE_CODE = YES;
				CLANG_WARN__DUPLICATE_METHOD_MATCH = YES;
				CODE_SIGN_IDENTITY = "iPhone Developer";
				COPY_PHASE_STRIP = NO;
				DEBUG_INFORMATION_FORMAT = "dwarf-with-dsym";
				ENABLE_NS_ASSERTIONS = NO;
				ENABLE_STRICT_OBJC_MSGSEND = YES;
				GCC_C_LANGUAGE_STANDARD = gnu11;
				GCC_NO_COMMON_BLOCKS = YES;
				GCC_WARN_64_TO_32_BIT_CONVERSION = YES;
				GCC_WARN_ABOUT_RETURN_TYPE = YES_ERROR;
				GCC_WARN_UNDECLARED_SELECTOR = YES;
				GCC_WARN_UNINITIALIZED_AUTOS = YES_AGGRESSIVE;
				GCC_WARN_UNUSED_FUNCTION = YES;
				GCC_WARN_UNUSED_VARIABLE = YES;
				IPHONEOS_DEPLOYMENT_TARGET = 12.2;
				MTL_ENABLE_DEBUG_INFO = NO;
				MTL_FAST_MATH = YES;
				SDKROOT = iphoneos;
				VALIDATE_PRODUCT = YES;
			};
			name = Release;
		};
		082015E522A22B6100F58A12 /* Debug */ = {
			isa = XCBuildConfiguration;
			buildSettings = {
				ASSETCATALOG_COMPILER_APPICON_NAME = AppIcon;
				CODE_SIGN_STYLE = Automatic;
				DEVELOPMENT_TEAM = CC9XV3GRSV;
				INFOPLIST_FILE = TYGameSceneDemo/Info.plist;
				LD_RUNPATH_SEARCH_PATHS = (
					"$(inherited)",
					"@executable_path/Frameworks",
				);
				PRODUCT_BUNDLE_IDENTIFIER = top.sheldon.TYGameSceneDemo;
				PRODUCT_NAME = "$(TARGET_NAME)";
				TARGETED_DEVICE_FAMILY = "1,2";
			};
			name = Debug;
		};
		082015E622A22B6100F58A12 /* Release */ = {
			isa = XCBuildConfiguration;
			buildSettings = {
				ASSETCATALOG_COMPILER_APPICON_NAME = AppIcon;
				CODE_SIGN_STYLE = Automatic;
				DEVELOPMENT_TEAM = CC9XV3GRSV;
				INFOPLIST_FILE = TYGameSceneDemo/Info.plist;
				LD_RUNPATH_SEARCH_PATHS = (
					"$(inherited)",
					"@executable_path/Frameworks",
				);
				PRODUCT_BUNDLE_IDENTIFIER = top.sheldon.TYGameSceneDemo;
				PRODUCT_NAME = "$(TARGET_NAME)";
				TARGETED_DEVICE_FAMILY = "1,2";
			};
			name = Release;
		};
/* End XCBuildConfiguration section */

/* Begin XCConfigurationList section */
		082015C722A22B6100F58A12 /* Build configuration list for PBXProject "TYGameSceneDemo" */ = {
			isa = XCConfigurationList;
			buildConfigurations = (
				082015E222A22B6100F58A12 /* Debug */,
				082015E322A22B6100F58A12 /* Release */,
			);
			defaultConfigurationIsVisible = 0;
			defaultConfigurationName = Release;
		};
		082015E422A22B6100F58A12 /* Build configuration list for PBXNativeTarget "TYGameSceneDemo" */ = {
			isa = XCConfigurationList;
			buildConfigurations = (
				082015E522A22B6100F58A12 /* Debug */,
				082015E622A22B6100F58A12 /* Release */,
			);
			defaultConfigurationIsVisible = 0;
			defaultConfigurationName = Release;
		};
/* End XCConfigurationList section */
	};
	rootObject = 082015C422A22B6100F58A12 /* Project object */;
}
