// !$*UTF8*$!
{
	archiveVersion = 1;
	classes = {
	};
	objectVersion = 50;
	objects = {

/* Begin PBXBuildFile section */
		08117BBA22E83153005A1E93 /* TYPanView.m in Sources */ = {isa = PBXBuildFile; fileRef = 08117BB922E83153005A1E93 /* TYPanView.m */; };
		08117BBD22E8441B005A1E93 /* TYBezierPathDrawView.m in Sources */ = {isa = PBXBuildFile; fileRef = 08117BBC22E8441B005A1E93 /* TYBezierPathDrawView.m */; };
		08117BC022E844CC005A1E93 /* TYBezierPath.m in Sources */ = {isa = PBXBuildFile; fileRef = 08117BBF22E844CC005A1E93 /* TYBezierPath.m */; };
		08117BC522E8540C005A1E93 /* TYQuartzView.m in Sources */ = {isa = PBXBuildFile; fileRef = 08117BC422E8540C005A1E93 /* TYQuartzView.m */; };
		08B3002022E7027300BBDBC4 /* AppDelegate.m in Sources */ = {isa = PBXBuildFile; fileRef = 08B3001F22E7027300BBDBC4 /* AppDelegate.m */; };
		08B3002322E7027300BBDBC4 /* ViewController.m in Sources */ = {isa = PBXBuildFile; fileRef = 08B3002222E7027300BBDBC4 /* ViewController.m */; };
		08B3002622E7027300BBDBC4 /* Main.storyboard in Resources */ = {isa = PBXBuildFile; fileRef = 08B3002422E7027300BBDBC4 /* Main.storyboard */; };
		08B3002822E7027500BBDBC4 /* Assets.xcassets in Resources */ = {isa = PBXBuildFile; fileRef = 08B3002722E7027500BBDBC4 /* Assets.xcassets */; };
		08B3002B22E7027500BBDBC4 /* LaunchScreen.storyboard in Resources */ = {isa = PBXBuildFile; fileRef = 08B3002922E7027500BBDBC4 /* LaunchScreen.storyboard */; };
		08B3002E22E7027500BBDBC4 /* main.m in Sources */ = {isa = PBXBuildFile; fileRef = 08B3002D22E7027500BBDBC4 /* main.m */; };
		08CC238B22E98C0600EE9969 /* TYLayerDrawView.m in Sources */ = {isa = PBXBuildFile; fileRef = 08CC238A22E98C0600EE9969 /* TYLayerDrawView.m */; };
		08CC238E22E98E0100EE9969 /* TYLineLayer.m in Sources */ = {isa = PBXBuildFile; fileRef = 08CC238D22E98E0100EE9969 /* TYLineLayer.m */; };
		08CC239122E99C4B00EE9969 /* TYLine.mm in Sources */ = {isa = PBXBuildFile; fileRef = 08CC239022E99C4B00EE9969 /* TYLine.mm */; };
		08CC239A22EC306200EE9969 /* TYLine+WCTColumnCoding.mm in Sources */ = {isa = PBXBuildFile; fileRef = 08CC239922EC306200EE9969 /* TYLine+WCTColumnCoding.mm */; };
		08CC239D22EC311500EE9969 /* TYPoint.mm in Sources */ = {isa = PBXBuildFile; fileRef = 08CC239B22EC311500EE9969 /* TYPoint.mm */; };
		08CC239F22EC31CE00EE9969 /* TYPoint+WCTColumnCoding.mm in Sources */ = {isa = PBXBuildFile; fileRef = 08CC239E22EC31CE00EE9969 /* TYPoint+WCTColumnCoding.mm */; };
		E2DE977A1197AC92E57ADE92 /* libPods-TYDrawDemo.a in Frameworks */ = {isa = PBXBuildFile; fileRef = FE17A016933419C2ACF5E0E8 /* libPods-TYDrawDemo.a */; };
/* End PBXBuildFile section */

/* Begin PBXFileReference section */
		08117BB822E83153005A1E93 /* TYPanView.h */ = {isa = PBXFileReference; lastKnownFileType = sourcecode.c.h; path = TYPanView.h; sourceTree = "<group>"; };
		08117BB922E83153005A1E93 /* TYPanView.m */ = {isa = PBXFileReference; lastKnownFileType = sourcecode.c.objc; path = TYPanView.m; sourceTree = "<group>"; };
		08117BBB22E8441B005A1E93 /* TYBezierPathDrawView.h */ = {isa = PBXFileReference; lastKnownFileType = sourcecode.c.h; path = TYBezierPathDrawView.h; sourceTree = "<group>"; };
		08117BBC22E8441B005A1E93 /* TYBezierPathDrawView.m */ = {isa = PBXFileReference; lastKnownFileType = sourcecode.c.objc; path = TYBezierPathDrawView.m; sourceTree = "<group>"; };
		08117BBE22E844CC005A1E93 /* TYBezierPath.h */ = {isa = PBXFileReference; lastKnownFileType = sourcecode.c.h; path = TYBezierPath.h; sourceTree = "<group>"; };
		08117BBF22E844CC005A1E93 /* TYBezierPath.m */ = {isa = PBXFileReference; lastKnownFileType = sourcecode.c.objc; path = TYBezierPath.m; sourceTree = "<group>"; };
		08117BC322E8540C005A1E93 /* TYQuartzView.h */ = {isa = PBXFileReference; lastKnownFileType = sourcecode.c.h; path = TYQuartzView.h; sourceTree = "<group>"; };
		08117BC422E8540C005A1E93 /* TYQuartzView.m */ = {isa = PBXFileReference; lastKnownFileType = sourcecode.c.objc; path = TYQuartzView.m; sourceTree = "<group>"; };
		08B3001B22E7027300BBDBC4 /* TYDrawDemo.app */ = {isa = PBXFileReference; explicitFileType = wrapper.application; includeInIndex = 0; path = TYDrawDemo.app; sourceTree = BUILT_PRODUCTS_DIR; };
		08B3001E22E7027300BBDBC4 /* AppDelegate.h */ = {isa = PBXFileReference; lastKnownFileType = sourcecode.c.h; path = AppDelegate.h; sourceTree = "<group>"; };
		08B3001F22E7027300BBDBC4 /* AppDelegate.m */ = {isa = PBXFileReference; lastKnownFileType = sourcecode.c.objc; path = AppDelegate.m; sourceTree = "<group>"; };
		08B3002122E7027300BBDBC4 /* ViewController.h */ = {isa = PBXFileReference; lastKnownFileType = sourcecode.c.h; path = ViewController.h; sourceTree = "<group>"; };
		08B3002222E7027300BBDBC4 /* ViewController.m */ = {isa = PBXFileReference; lastKnownFileType = sourcecode.c.objc; path = ViewController.m; sourceTree = "<group>"; };
		08B3002522E7027300BBDBC4 /* Base */ = {isa = PBXFileReference; lastKnownFileType = file.storyboard; name = Base; path = Base.lproj/Main.storyboard; sourceTree = "<group>"; };
		08B3002722E7027500BBDBC4 /* Assets.xcassets */ = {isa = PBXFileReference; lastKnownFileType = folder.assetcatalog; path = Assets.xcassets; sourceTree = "<group>"; };
		08B3002A22E7027500BBDBC4 /* Base */ = {isa = PBXFileReference; lastKnownFileType = file.storyboard; name = Base; path = Base.lproj/LaunchScreen.storyboard; sourceTree = "<group>"; };
		08B3002C22E7027500BBDBC4 /* Info.plist */ = {isa = PBXFileReference; lastKnownFileType = text.plist.xml; path = Info.plist; sourceTree = "<group>"; };
		08B3002D22E7027500BBDBC4 /* main.m */ = {isa = PBXFileReference; lastKnownFileType = sourcecode.c.objc; path = main.m; sourceTree = "<group>"; };
		08CC238922E98C0600EE9969 /* TYLayerDrawView.h */ = {isa = PBXFileReference; lastKnownFileType = sourcecode.c.h; path = TYLayerDrawView.h; sourceTree = "<group>"; };
		08CC238A22E98C0600EE9969 /* TYLayerDrawView.m */ = {isa = PBXFileReference; lastKnownFileType = sourcecode.c.objc; path = TYLayerDrawView.m; sourceTree = "<group>"; };
		08CC238C22E98E0100EE9969 /* TYLineLayer.h */ = {isa = PBXFileReference; lastKnownFileType = sourcecode.c.h; path = TYLineLayer.h; sourceTree = "<group>"; };
		08CC238D22E98E0100EE9969 /* TYLineLayer.m */ = {isa = PBXFileReference; lastKnownFileType = sourcecode.c.objc; path = TYLineLayer.m; sourceTree = "<group>"; };
		08CC238F22E99C4B00EE9969 /* TYLine.h */ = {isa = PBXFileReference; lastKnownFileType = sourcecode.c.h; path = TYLine.h; sourceTree = "<group>"; };
		08CC239022E99C4B00EE9969 /* TYLine.mm */ = {isa = PBXFileReference; lastKnownFileType = sourcecode.cpp.objcpp; path = TYLine.mm; sourceTree = "<group>"; };
		08CC239522E99C9900EE9969 /* TYPoint.h */ = {isa = PBXFileReference; lastKnownFileType = sourcecode.c.h; path = TYPoint.h; sourceTree = "<group>"; };
		08CC239822EC2A2D00EE9969 /* TYLine+WCTTableCoding.h */ = {isa = PBXFileReference; lastKnownFileType = sourcecode.c.h; path = "TYLine+WCTTableCoding.h"; sourceTree = "<group>"; };
		08CC239922EC306200EE9969 /* TYLine+WCTColumnCoding.mm */ = {isa = PBXFileReference; lastKnownFileType = sourcecode.cpp.objcpp; path = "TYLine+WCTColumnCoding.mm"; sourceTree = "<group>"; };
		08CC239B22EC311500EE9969 /* TYPoint.mm */ = {isa = PBXFileReference; lastKnownFileType = sourcecode.cpp.objcpp; path = TYPoint.mm; sourceTree = "<group>"; };
		08CC239C22EC311500EE9969 /* TYPoint+WCTTableCoding.h */ = {isa = PBXFileReference; lastKnownFileType = sourcecode.c.h; path = "TYPoint+WCTTableCoding.h"; sourceTree = "<group>"; };
		08CC239E22EC31CE00EE9969 /* TYPoint+WCTColumnCoding.mm */ = {isa = PBXFileReference; lastKnownFileType = sourcecode.cpp.objcpp; path = "TYPoint+WCTColumnCoding.mm"; sourceTree = "<group>"; };
		9E5F4C5A3536AF085A802EAF /* Pods-TYDrawDemo.debug.xcconfig */ = {isa = PBXFileReference; includeInIndex = 1; lastKnownFileType = text.xcconfig; name = "Pods-TYDrawDemo.debug.xcconfig"; path = "Target Support Files/Pods-TYDrawDemo/Pods-TYDrawDemo.debug.xcconfig"; sourceTree = "<group>"; };
		F445B4F1CFEB3787AA2DB1E1 /* Pods-TYDrawDemo.release.xcconfig */ = {isa = PBXFileReference; includeInIndex = 1; lastKnownFileType = text.xcconfig; name = "Pods-TYDrawDemo.release.xcconfig"; path = "Target Support Files/Pods-TYDrawDemo/Pods-TYDrawDemo.release.xcconfig"; sourceTree = "<group>"; };
		FE17A016933419C2ACF5E0E8 /* libPods-TYDrawDemo.a */ = {isa = PBXFileReference; explicitFileType = archive.ar; includeInIndex = 0; path = "libPods-TYDrawDemo.a"; sourceTree = BUILT_PRODUCTS_DIR; };
/* End PBXFileReference section */

/* Begin PBXFrameworksBuildPhase section */
		08B3001822E7027300BBDBC4 /* Frameworks */ = {
			isa = PBXFrameworksBuildPhase;
			buildActionMask = 2147483647;
			files = (
				E2DE977A1197AC92E57ADE92 /* libPods-TYDrawDemo.a in Frameworks */,
			);
			runOnlyForDeploymentPostprocessing = 0;
		};
/* End PBXFrameworksBuildPhase section */

/* Begin PBXGroup section */
		03A5C0E39FB0E2837575CE06 /* Frameworks */ = {
			isa = PBXGroup;
			children = (
				FE17A016933419C2ACF5E0E8 /* libPods-TYDrawDemo.a */,
			);
			name = Frameworks;
			sourceTree = "<group>";
		};
		08276BF722E71643000047C6 /* Views */ = {
			isa = PBXGroup;
			children = (
				08117BB822E83153005A1E93 /* TYPanView.h */,
				08117BB922E83153005A1E93 /* TYPanView.m */,
				08117BBB22E8441B005A1E93 /* TYBezierPathDrawView.h */,
				08117BBC22E8441B005A1E93 /* TYBezierPathDrawView.m */,
				08117BBE22E844CC005A1E93 /* TYBezierPath.h */,
				08117BBF22E844CC005A1E93 /* TYBezierPath.m */,
				08117BC322E8540C005A1E93 /* TYQuartzView.h */,
				08117BC422E8540C005A1E93 /* TYQuartzView.m */,
				08CC238922E98C0600EE9969 /* TYLayerDrawView.h */,
				08CC238A22E98C0600EE9969 /* TYLayerDrawView.m */,
				08CC238C22E98E0100EE9969 /* TYLineLayer.h */,
				08CC238D22E98E0100EE9969 /* TYLineLayer.m */,
			);
			path = Views;
			sourceTree = "<group>";
		};
		08276BF822E71650000047C6 /* Others */ = {
			isa = PBXGroup;
			children = (
			);
			path = Others;
			sourceTree = "<group>";
		};
		08276BF922E7167F000047C6 /* Controllers */ = {
			isa = PBXGroup;
			children = (
			);
			path = Controllers;
			sourceTree = "<group>";
		};
		08276BFA22E71688000047C6 /* Models */ = {
			isa = PBXGroup;
			children = (
				08CC238F22E99C4B00EE9969 /* TYLine.h */,
				08CC239022E99C4B00EE9969 /* TYLine.mm */,
				08CC239822EC2A2D00EE9969 /* TYLine+WCTTableCoding.h */,
				08CC239922EC306200EE9969 /* TYLine+WCTColumnCoding.mm */,
				08CC239522E99C9900EE9969 /* TYPoint.h */,
				08CC239B22EC311500EE9969 /* TYPoint.mm */,
				08CC239C22EC311500EE9969 /* TYPoint+WCTTableCoding.h */,
				08CC239E22EC31CE00EE9969 /* TYPoint+WCTColumnCoding.mm */,
			);
			path = Models;
			sourceTree = "<group>";
		};
		08B3001222E7027300BBDBC4 = {
			isa = PBXGroup;
			children = (
				08B3001D22E7027300BBDBC4 /* TYDrawDemo */,
				08B3001C22E7027300BBDBC4 /* Products */,
				960540F403967BE1B248669F /* Pods */,
				03A5C0E39FB0E2837575CE06 /* Frameworks */,
			);
			sourceTree = "<group>";
		};
		08B3001C22E7027300BBDBC4 /* Products */ = {
			isa = PBXGroup;
			children = (
				08B3001B22E7027300BBDBC4 /* TYDrawDemo.app */,
			);
			name = Products;
			sourceTree = "<group>";
		};
		08B3001D22E7027300BBDBC4 /* TYDrawDemo */ = {
			isa = PBXGroup;
			children = (
				08276BFA22E71688000047C6 /* Models */,
				08276BF722E71643000047C6 /* Views */,
				08276BF922E7167F000047C6 /* Controllers */,
				08276BF822E71650000047C6 /* Others */,
				08B3001E22E7027300BBDBC4 /* AppDelegate.h */,
				08B3001F22E7027300BBDBC4 /* AppDelegate.m */,
				08B3002122E7027300BBDBC4 /* ViewController.h */,
				08B3002222E7027300BBDBC4 /* ViewController.m */,
				08B3002422E7027300BBDBC4 /* Main.storyboard */,
				08B3002722E7027500BBDBC4 /* Assets.xcassets */,
				08B3002922E7027500BBDBC4 /* LaunchScreen.storyboard */,
				08B3002C22E7027500BBDBC4 /* Info.plist */,
				08B3002D22E7027500BBDBC4 /* main.m */,
			);
			path = TYDrawDemo;
			sourceTree = "<group>";
		};
		960540F403967BE1B248669F /* Pods */ = {
			isa = PBXGroup;
			children = (
				9E5F4C5A3536AF085A802EAF /* Pods-TYDrawDemo.debug.xcconfig */,
				F445B4F1CFEB3787AA2DB1E1 /* Pods-TYDrawDemo.release.xcconfig */,
			);
			name = Pods;
			path = ../../Pods;
			sourceTree = "<group>";
		};
/* End PBXGroup section */

/* Begin PBXNativeTarget section */
		08B3001A22E7027300BBDBC4 /* TYDrawDemo */ = {
			isa = PBXNativeTarget;
			buildConfigurationList = 08B3003122E7027500BBDBC4 /* Build configuration list for PBXNativeTarget "TYDrawDemo" */;
			buildPhases = (
				70B385BB2388459BB9BA740F /* [CP] Check Pods Manifest.lock */,
				08B3001722E7027300BBDBC4 /* Sources */,
				08B3001822E7027300BBDBC4 /* Frameworks */,
				08B3001922E7027300BBDBC4 /* Resources */,
			);
			buildRules = (
			);
			dependencies = (
			);
			name = TYDrawDemo;
			productName = TYDrawDemo;
			productReference = 08B3001B22E7027300BBDBC4 /* TYDrawDemo.app */;
			productType = "com.apple.product-type.application";
		};
/* End PBXNativeTarget section */

/* Begin PBXProject section */
		08B3001322E7027300BBDBC4 /* Project object */ = {
			isa = PBXProject;
			attributes = {
				CLASSPREFIX = TY;
				LastUpgradeCheck = 1020;
				ORGANIZATIONNAME = Sheldon;
				TargetAttributes = {
					08B3001A22E7027300BBDBC4 = {
						CreatedOnToolsVersion = 10.2.1;
					};
				};
			};
			buildConfigurationList = 08B3001622E7027300BBDBC4 /* Build configuration list for PBXProject "TYDrawDemo" */;
			compatibilityVersion = "Xcode 9.3";
			developmentRegion = en;
			hasScannedForEncodings = 0;
			knownRegions = (
				en,
				Base,
			);
			mainGroup = 08B3001222E7027300BBDBC4;
			productRefGroup = 08B3001C22E7027300BBDBC4 /* Products */;
			projectDirPath = "";
			projectRoot = "";
			targets = (
				08B3001A22E7027300BBDBC4 /* TYDrawDemo */,
			);
		};
/* End PBXProject section */

/* Begin PBXResourcesBuildPhase section */
		08B3001922E7027300BBDBC4 /* Resources */ = {
			isa = PBXResourcesBuildPhase;
			buildActionMask = 2147483647;
			files = (
				08B3002B22E7027500BBDBC4 /* LaunchScreen.storyboard in Resources */,
				08B3002822E7027500BBDBC4 /* Assets.xcassets in Resources */,
				08B3002622E7027300BBDBC4 /* Main.storyboard in Resources */,
			);
			runOnlyForDeploymentPostprocessing = 0;
		};
/* End PBXResourcesBuildPhase section */

/* Begin PBXShellScriptBuildPhase section */
		70B385BB2388459BB9BA740F /* [CP] Check Pods Manifest.lock */ = {
			isa = PBXShellScriptBuildPhase;
			buildActionMask = 2147483647;
			files = (
			);
			inputFileListPaths = (
			);
			inputPaths = (
				"${PODS_PODFILE_DIR_PATH}/Podfile.lock",
				"${PODS_ROOT}/Manifest.lock",
			);
			name = "[CP] Check Pods Manifest.lock";
			outputFileListPaths = (
			);
			outputPaths = (
				"$(DERIVED_FILE_DIR)/Pods-TYDrawDemo-checkManifestLockResult.txt",
			);
			runOnlyForDeploymentPostprocessing = 0;
			shellPath = /bin/sh;
			shellScript = "diff \"${PODS_PODFILE_DIR_PATH}/Podfile.lock\" \"${PODS_ROOT}/Manifest.lock\" > /dev/null\nif [ $? != 0 ] ; then\n    # print error to STDERR\n    echo \"error: The sandbox is not in sync with the Podfile.lock. Run 'pod install' or update your CocoaPods installation.\" >&2\n    exit 1\nfi\n# This output is used by Xcode 'outputs' to avoid re-running this script phase.\necho \"SUCCESS\" > \"${SCRIPT_OUTPUT_FILE_0}\"\n";
			showEnvVarsInLog = 0;
		};
/* End PBXShellScriptBuildPhase section */

/* Begin PBXSourcesBuildPhase section */
		08B3001722E7027300BBDBC4 /* Sources */ = {
			isa = PBXSourcesBuildPhase;
			buildActionMask = 2147483647;
			files = (
				08CC238E22E98E0100EE9969 /* TYLineLayer.m in Sources */,
				08CC239A22EC306200EE9969 /* TYLine+WCTColumnCoding.mm in Sources */,
				08117BC022E844CC005A1E93 /* TYBezierPath.m in Sources */,
				08CC239D22EC311500EE9969 /* TYPoint.mm in Sources */,
				08B3002322E7027300BBDBC4 /* ViewController.m in Sources */,
				08B3002E22E7027500BBDBC4 /* main.m in Sources */,
				08CC239122E99C4B00EE9969 /* TYLine.mm in Sources */,
				08CC239F22EC31CE00EE9969 /* TYPoint+WCTColumnCoding.mm in Sources */,
				08117BBD22E8441B005A1E93 /* TYBezierPathDrawView.m in Sources */,
				08117BC522E8540C005A1E93 /* TYQuartzView.m in Sources */,
				08117BBA22E83153005A1E93 /* TYPanView.m in Sources */,
				08B3002022E7027300BBDBC4 /* AppDelegate.m in Sources */,
				08CC238B22E98C0600EE9969 /* TYLayerDrawView.m in Sources */,
			);
			runOnlyForDeploymentPostprocessing = 0;
		};
/* End PBXSourcesBuildPhase section */

/* Begin PBXVariantGroup section */
		08B3002422E7027300BBDBC4 /* Main.storyboard */ = {
			isa = PBXVariantGroup;
			children = (
				08B3002522E7027300BBDBC4 /* Base */,
			);
			name = Main.storyboard;
			sourceTree = "<group>";
		};
		08B3002922E7027500BBDBC4 /* LaunchScreen.storyboard */ = {
			isa = PBXVariantGroup;
			children = (
				08B3002A22E7027500BBDBC4 /* Base */,
			);
			name = LaunchScreen.storyboard;
			sourceTree = "<group>";
		};
/* End PBXVariantGroup section */

/* Begin XCBuildConfiguration section */
		08B3002F22E7027500BBDBC4 /* Debug */ = {
			isa = XCBuildConfiguration;
			buildSettings = {
				ALWAYS_SEARCH_USER_PATHS = NO;
				CLANG_ANALYZER_NONNULL = YES;
				CLANG_ANALYZER_NUMBER_OBJECT_CONVERSION = YES_AGGRESSIVE;
				CLANG_CXX_LANGUAGE_STANDARD = "gnu++14";
				CLANG_CXX_LIBRARY = "libc++";
				CLANG_ENABLE_MODULES = YES;
				CLANG_ENABLE_OBJC_ARC = YES;
				CLANG_ENABLE_OBJC_WEAK = YES;
				CLANG_WARN_BLOCK_CAPTURE_AUTORELEASING = YES;
				CLANG_WARN_BOOL_CONVERSION = YES;
				CLANG_WARN_COMMA = YES;
				CLANG_WARN_CONSTANT_CONVERSION = YES;
				CLANG_WARN_DEPRECATED_OBJC_IMPLEMENTATIONS = YES;
				CLANG_WARN_DIRECT_OBJC_ISA_USAGE = YES_ERROR;
				CLANG_WARN_DOCUMENTATION_COMMENTS = YES;
				CLANG_WARN_EMPTY_BODY = YES;
				CLANG_WARN_ENUM_CONVERSION = YES;
				CLANG_WARN_INFINITE_RECURSION = YES;
				CLANG_WARN_INT_CONVERSION = YES;
				CLANG_WARN_NON_LITERAL_NULL_CONVERSION = YES;
				CLANG_WARN_OBJC_IMPLICIT_RETAIN_SELF = YES;
				CLANG_WARN_OBJC_LITERAL_CONVERSION = YES;
				CLANG_WARN_OBJC_ROOT_CLASS = YES_ERROR;
				CLANG_WARN_RANGE_LOOP_ANALYSIS = YES;
				CLANG_WARN_STRICT_PROTOTYPES = YES;
				CLANG_WARN_SUSPICIOUS_MOVE = YES;
				CLANG_WARN_UNGUARDED_AVAILABILITY = YES_AGGRESSIVE;
				CLANG_WARN_UNREACHABLE_CODE = YES;
				CLANG_WARN__DUPLICATE_METHOD_MATCH = YES;
				CODE_SIGN_IDENTITY = "iPhone Developer";
				COPY_PHASE_STRIP = NO;
				DEBUG_INFORMATION_FORMAT = dwarf;
				ENABLE_STRICT_OBJC_MSGSEND = YES;
				ENABLE_TESTABILITY = YES;
				GCC_C_LANGUAGE_STANDARD = gnu11;
				GCC_DYNAMIC_NO_PIC = NO;
				GCC_NO_COMMON_BLOCKS = YES;
				GCC_OPTIMIZATION_LEVEL = 0;
				GCC_PREPROCESSOR_DEFINITIONS = (
					"DEBUG=1",
					"$(inherited)",
				);
				GCC_WARN_64_TO_32_BIT_CONVERSION = YES;
				GCC_WARN_ABOUT_RETURN_TYPE = YES_ERROR;
				GCC_WARN_UNDECLARED_SELECTOR = YES;
				GCC_WARN_UNINITIALIZED_AUTOS = YES_AGGRESSIVE;
				GCC_WARN_UNUSED_FUNCTION = YES;
				GCC_WARN_UNUSED_VARIABLE = YES;
				IPHONEOS_DEPLOYMENT_TARGET = 12.2;
				MTL_ENABLE_DEBUG_INFO = INCLUDE_SOURCE;
				MTL_FAST_MATH = YES;
				ONLY_ACTIVE_ARCH = YES;
				SDKROOT = iphoneos;
			};
			name = Debug;
		};
		08B3003022E7027500BBDBC4 /* Release */ = {
			isa = XCBuildConfiguration;
			buildSettings = {
				ALWAYS_SEARCH_USER_PATHS = NO;
				CLANG_ANALYZER_NONNULL = YES;
				CLANG_ANALYZER_NUMBER_OBJECT_CONVERSION = YES_AGGRESSIVE;
				CLANG_CXX_LANGUAGE_STANDARD = "gnu++14";
				CLANG_CXX_LIBRARY = "libc++";
				CLANG_ENABLE_MODULES = YES;
				CLANG_ENABLE_OBJC_ARC = YES;
				CLANG_ENABLE_OBJC_WEAK = YES;
				CLANG_WARN_BLOCK_CAPTURE_AUTORELEASING = YES;
				CLANG_WARN_BOOL_CONVERSION = YES;
				CLANG_WARN_COMMA = YES;
				CLANG_WARN_CONSTANT_CONVERSION = YES;
				CLANG_WARN_DEPRECATED_OBJC_IMPLEMENTATIONS = YES;
				CLANG_WARN_DIRECT_OBJC_ISA_USAGE = YES_ERROR;
				CLANG_WARN_DOCUMENTATION_COMMENTS = YES;
				CLANG_WARN_EMPTY_BODY = YES;
				CLANG_WARN_ENUM_CONVERSION = YES;
				CLANG_WARN_INFINITE_RECURSION = YES;
				CLANG_WARN_INT_CONVERSION = YES;
				CLANG_WARN_NON_LITERAL_NULL_CONVERSION = YES;
				CLANG_WARN_OBJC_IMPLICIT_RETAIN_SELF = YES;
				CLANG_WARN_OBJC_LITERAL_CONVERSION = YES;
				CLANG_WARN_OBJC_ROOT_CLASS = YES_ERROR;
				CLANG_WARN_RANGE_LOOP_ANALYSIS = YES;
				CLANG_WARN_STRICT_PROTOTYPES = YES;
				CLANG_WARN_SUSPICIOUS_MOVE = YES;
				CLANG_WARN_UNGUARDED_AVAILABILITY = YES_AGGRESSIVE;
				CLANG_WARN_UNREACHABLE_CODE = YES;
				CLANG_WARN__DUPLICATE_METHOD_MATCH = YES;
				CODE_SIGN_IDENTITY = "iPhone Developer";
				COPY_PHASE_STRIP = NO;
				DEBUG_INFORMATION_FORMAT = "dwarf-with-dsym";
				ENABLE_NS_ASSERTIONS = NO;
				ENABLE_STRICT_OBJC_MSGSEND = YES;
				GCC_C_LANGUAGE_STANDARD = gnu11;
				GCC_NO_COMMON_BLOCKS = YES;
				GCC_WARN_64_TO_32_BIT_CONVERSION = YES;
				GCC_WARN_ABOUT_RETURN_TYPE = YES_ERROR;
				GCC_WARN_UNDECLARED_SELECTOR = YES;
				GCC_WARN_UNINITIALIZED_AUTOS = YES_AGGRESSIVE;
				GCC_WARN_UNUSED_FUNCTION = YES;
				GCC_WARN_UNUSED_VARIABLE = YES;
				IPHONEOS_DEPLOYMENT_TARGET = 12.2;
				MTL_ENABLE_DEBUG_INFO = NO;
				MTL_FAST_MATH = YES;
				SDKROOT = iphoneos;
				VALIDATE_PRODUCT = YES;
			};
			name = Release;
		};
		08B3003222E7027500BBDBC4 /* Debug */ = {
			isa = XCBuildConfiguration;
			baseConfigurationReference = 9E5F4C5A3536AF085A802EAF /* Pods-TYDrawDemo.debug.xcconfig */;
			buildSettings = {
				ASSETCATALOG_COMPILER_APPICON_NAME = AppIcon;
				CODE_SIGN_STYLE = Automatic;
				DEVELOPMENT_TEAM = CC9XV3GRSV;
				HEADER_SEARCH_PATHS = (
					"$(inherited)",
					"\"${PODS_ROOT}/Headers/Public\"",
					"\"${PODS_ROOT}/Headers/Public/Masonry\"",
					"\"${PODS_ROOT}/Headers/Public/SQLiteRepairKit\"",
					"\"${PODS_ROOT}/Headers/Public/WCDB\"",
					"\"${PODS_ROOT}/Headers/Public/WCDBOptimizedSQLCipher\"",
					"\"${PODS_ROOT}/Headers/Public/YYModel\"",
					"\"${PODS_ROOT}/Headers/Public/YYText\"",
				);
				INFOPLIST_FILE = TYDrawDemo/Info.plist;
				LD_RUNPATH_SEARCH_PATHS = (
					"$(inherited)",
					"@executable_path/Frameworks",
				);
				PRODUCT_BUNDLE_IDENTIFIER = top.sheldon.TYDrawDemo;
				PRODUCT_NAME = "$(TARGET_NAME)";
				TARGETED_DEVICE_FAMILY = "1,2";
			};
			name = Debug;
		};
		08B3003322E7027500BBDBC4 /* Release */ = {
			isa = XCBuildConfiguration;
			baseConfigurationReference = F445B4F1CFEB3787AA2DB1E1 /* Pods-TYDrawDemo.release.xcconfig */;
			buildSettings = {
				ASSETCATALOG_COMPILER_APPICON_NAME = AppIcon;
				CODE_SIGN_STYLE = Automatic;
				DEVELOPMENT_TEAM = CC9XV3GRSV;
				HEADER_SEARCH_PATHS = (
					"$(inherited)",
					"\"${PODS_ROOT}/Headers/Public\"",
					"\"${PODS_ROOT}/Headers/Public/Masonry\"",
					"\"${PODS_ROOT}/Headers/Public/SQLiteRepairKit\"",
					"\"${PODS_ROOT}/Headers/Public/WCDB\"",
					"\"${PODS_ROOT}/Headers/Public/WCDBOptimizedSQLCipher\"",
					"\"${PODS_ROOT}/Headers/Public/YYModel\"",
					"\"${PODS_ROOT}/Headers/Public/YYText\"",
				);
				INFOPLIST_FILE = TYDrawDemo/Info.plist;
				LD_RUNPATH_SEARCH_PATHS = (
					"$(inherited)",
					"@executable_path/Frameworks",
				);
				PRODUCT_BUNDLE_IDENTIFIER = top.sheldon.TYDrawDemo;
				PRODUCT_NAME = "$(TARGET_NAME)";
				TARGETED_DEVICE_FAMILY = "1,2";
			};
			name = Release;
		};
/* End XCBuildConfiguration section */

/* Begin XCConfigurationList section */
		08B3001622E7027300BBDBC4 /* Build configuration list for PBXProject "TYDrawDemo" */ = {
			isa = XCConfigurationList;
			buildConfigurations = (
				08B3002F22E7027500BBDBC4 /* Debug */,
				08B3003022E7027500BBDBC4 /* Release */,
			);
			defaultConfigurationIsVisible = 0;
			defaultConfigurationName = Release;
		};
		08B3003122E7027500BBDBC4 /* Build configuration list for PBXNativeTarget "TYDrawDemo" */ = {
			isa = XCConfigurationList;
			buildConfigurations = (
				08B3003222E7027500BBDBC4 /* Debug */,
				08B3003322E7027500BBDBC4 /* Release */,
			);
			defaultConfigurationIsVisible = 0;
			defaultConfigurationName = Release;
		};
/* End XCConfigurationList section */
	};
	rootObject = 08B3001322E7027300BBDBC4 /* Project object */;
}
